
Microsoft Visual Studio Solution File, Format Version 12.00
# Visual Studio 2013
VisualStudioVersion = 12.0.21005.1
MinimumVisualStudioVersion = 10.0.40219.1
Project("{FAE04EC0-301F-11D3-BF4B-00C04F79EFBC}") = "EntityBase", "Middle\Entity\ENTITYBASE\EntityBase.csproj", "{A5676341-D5C3-456F-943E-14D7D8F45883}"
EndProject
Project("{FAE04EC0-301F-11D3-BF4B-00C04F79EFBC}") = "EntityCenter", "Middle\Entity\EntityCenter\EntityCenter.csproj", "{70F3229C-33C9-4A5E-8CCF-C9C223AC218F}"
EndProject
Project("{FAE04EC0-301F-11D3-BF4B-00C04F79EFBC}") = "EntitySys", "Middle\Entity\EntitySys\EntitySys.csproj", "{3E783F57-1E18-4A68-801E-FD0AF7AC44BA}"
EndProject
Project("{FAE04EC0-301F-11D3-BF4B-00C04F79EFBC}") = "RuleAppCode", "Middle\Rule\RuleAppCode\RuleAppCode.csproj", "{11DDCD5C-5B5F-4658-A174-8DBE255DF4D8}"
EndProject
Project("{FAE04EC0-301F-11D3-BF4B-00C04F79EFBC}") = "RuleCenter", "Middle\Rule\RuleCenter\RuleCenter.csproj", "{1A9A9632-151F-411F-9B65-95EF20B7230E}"
EndProject
Project("{FAE04EC0-301F-11D3-BF4B-00C04F79EFBC}") = "ProjectBLL", "ProjectBLL\ProjectBLL.csproj", "{CFDA0B71-47E2-436C-82FA-4FF143933053}"
EndProject
Project("{FAE04EC0-301F-11D3-BF4B-00C04F79EFBC}") = "ProjectData", "ProjectData\ProjectData.csproj", "{08AA7D6F-F5E6-4D18-8543-103A5A1D0FED}"
EndProject
Project("{FAE04EC0-301F-11D3-BF4B-00C04F79EFBC}") = "Tools", "Tools\Tools.csproj", "{B2225F4C-646D-483D-8D23-6F209959A93C}"
EndProject
Project("{FAE04EC0-301F-11D3-BF4B-00C04F79EFBC}") = "EntityQuali", "Middle\Entity\EntityQuali\EntityQuali.csproj", "{77356EC7-801D-4826-BAFE-DE0E2E537776}"
EndProject
Project("{E24C65DC-7377-472B-9ABA-BC803B73C61A}") = "InterfaceKCSJ", "http://localhost:20357", "{66C2AF78-ED4F-45E6-9670-661BD25321B0}"
	ProjectSection(WebsiteProperties) = preProject
		UseIISExpress = "true"
		TargetFrameworkMoniker = ".NETFramework,Version%3Dv3.5"
		ProjectReferences = "{53fce8e4-268c-4020-ad94-11196a5a0bfa}|EgovaBLL.dll;"
		Debug.AspNetCompiler.VirtualPath = "/localhost_20357"
		Debug.AspNetCompiler.PhysicalPath = "InterfaceKCSJ\"
		Debug.AspNetCompiler.TargetPath = "PrecompiledWeb\localhost_20357\"
		Debug.AspNetCompiler.Updateable = "true"
		Debug.AspNetCompiler.ForceOverwrite = "true"
		Debug.AspNetCompiler.FixedNames = "false"
		Debug.AspNetCompiler.Debug = "True"
		Release.AspNetCompiler.VirtualPath = "/localhost_20357"
		Release.AspNetCompiler.PhysicalPath = "InterfaceKCSJ\"
		Release.AspNetCompiler.TargetPath = "PrecompiledWeb\localhost_20357\"
		Release.AspNetCompiler.Updateable = "true"
		Release.AspNetCompiler.ForceOverwrite = "true"
		Release.AspNetCompiler.FixedNames = "false"
		Release.AspNetCompiler.Debug = "False"
		SlnRelativePath = "InterfaceKCSJ\"
	EndProjectSection
EndProject
Project("{FAE04EC0-301F-11D3-BF4B-00C04F79EFBC}") = "RuleBase", "Middle\RuleBase\RuleBase.csproj", "{71ADB301-FD30-46D8-BE51-6B4EB7F954AF}"
EndProject
Project("{FAE04EC0-301F-11D3-BF4B-00C04F79EFBC}") = "UnitTestProject1", "UnitTestProject1\UnitTestProject1.csproj", "{B0727887-9CE8-469F-B5C3-4A250B38A2A5}"
EndProject
Project("{FAE04EC0-301F-11D3-BF4B-00C04F79EFBC}") = "EgovaDAO", "EgovaDAO\EgovaDAO.csproj", "{4010BCEC-4EEA-4C77-9184-72B1AF975F9D}"
EndProject
Project("{FAE04EC0-301F-11D3-BF4B-00C04F79EFBC}") = "EgovaBLL", "EgovaBLL\EgovaBLL.csproj", "{53FCE8E4-268C-4020-AD94-11196A5A0BFA}"
EndProject
Project("{FAE04EC0-301F-11D3-BF4B-00C04F79EFBC}") = "Log4netLibrary", "Log4netLibrary\Log4netLibrary.csproj", "{97596755-3E00-4FA6-B08D-2326E202CA5F}"
EndProject
Project("{E24C65DC-7377-472B-9ABA-BC803B73C61A}") = "SurveyDesign", "SurveyDesign\", "{D8086D1F-A1DB-45DF-BE1F-867158226FAC}"
	ProjectSection(WebsiteProperties) = preProject
		TargetFrameworkMoniker = ".NETFramework,Version%3Dv3.5"
		ProjectReferences = "{71adb301-fd30-46d8-be51-6b4eb7f954af}|RuleBase.dll;{3E783F57-1E18-4A68-801E-FD0AF7AC44BA}|EntitySys.dll;{A5676341-D5C3-456F-943E-14D7D8F45883}|EntityBase.dll;{4010bcec-4eea-4c77-9184-72b1af975f9d}|EgovaDAO.dll;{cfda0b71-47e2-436c-82fa-4ff143933053}|ProjectBLL.dll;{08AA7D6F-F5E6-4D18-8543-103A5A1D0FED}|ProjectData.dll;{B2225F4C-646D-483D-8D23-6F209959A93C}|Tools.dll;{11ddcd5c-5b5f-4658-a174-8dbe255df4d8}|RuleAppCode.dll;{70F3229C-33C9-4A5E-8CCF-C9C223AC218F}|EntityCenter.dll;{1A9A9632-151F-411F-9B65-95EF20B7230E}|RuleCenter.dll;{77356EC7-801D-4826-BAFE-DE0E2E537776}|EntityQuali.dll;{53fce8e4-268c-4020-ad94-11196a5a0bfa}|EgovaBLL.dll;"
		Debug.AspNetCompiler.VirtualPath = "/localhost_20361"
		Debug.AspNetCompiler.PhysicalPath = "SurveyDesign\"
		Debug.AspNetCompiler.TargetPath = "PrecompiledWeb\localhost_20361\"
		Debug.AspNetCompiler.Updateable = "true"
		Debug.AspNetCompiler.ForceOverwrite = "true"
		Debug.AspNetCompiler.FixedNames = "false"
		Debug.AspNetCompiler.Debug = "True"
		Release.AspNetCompiler.VirtualPath = "/localhost_20361"
		Release.AspNetCompiler.PhysicalPath = "SurveyDesign\"
		Release.AspNetCompiler.TargetPath = "PrecompiledWeb\localhost_20361\"
		Release.AspNetCompiler.Updateable = "true"
		Release.AspNetCompiler.ForceOverwrite = "true"
		Release.AspNetCompiler.FixedNames = "false"
		Release.AspNetCompiler.Debug = "False"
		VWDPort = "42082"
		SlnRelativePath = "SurveyDesign\"
	EndProjectSection
EndProject
Global
	GlobalSection(SolutionConfigurationPlatforms) = preSolution
		Debug|.NET = Debug|.NET
		Debug|Any CPU = Debug|Any CPU
		Debug|Mixed Platforms = Debug|Mixed Platforms
		Debug|x86 = Debug|x86
		Release|.NET = Release|.NET
		Release|Any CPU = Release|Any CPU
		Release|Mixed Platforms = Release|Mixed Platforms
		Release|x86 = Release|x86
	EndGlobalSection
	GlobalSection(ProjectConfigurationPlatforms) = postSolution
		{A5676341-D5C3-456F-943E-14D7D8F45883}.Debug|.NET.ActiveCfg = Debug|Any CPU
		{A5676341-D5C3-456F-943E-14D7D8F45883}.Debug|Any CPU.ActiveCfg = Debug|Any CPU
		{A5676341-D5C3-456F-943E-14D7D8F45883}.Debug|Any CPU.Build.0 = Debug|Any CPU
		{A5676341-D5C3-456F-943E-14D7D8F45883}.Debug|Mixed Platforms.ActiveCfg = Debug|Any CPU
		{A5676341-D5C3-456F-943E-14D7D8F45883}.Debug|x86.ActiveCfg = Debug|Any CPU
		{A5676341-D5C3-456F-943E-14D7D8F45883}.Release|.NET.ActiveCfg = Release|Any CPU
		{A5676341-D5C3-456F-943E-14D7D8F45883}.Release|Any CPU.ActiveCfg = Release|Any CPU
		{A5676341-D5C3-456F-943E-14D7D8F45883}.Release|Any CPU.Build.0 = Release|Any CPU
		{A5676341-D5C3-456F-943E-14D7D8F45883}.Release|Mixed Platforms.ActiveCfg = Release|Any CPU
		{A5676341-D5C3-456F-943E-14D7D8F45883}.Release|Mixed Platforms.Build.0 = Release|Any CPU
		{A5676341-D5C3-456F-943E-14D7D8F45883}.Release|x86.ActiveCfg = Release|Any CPU
		{70F3229C-33C9-4A5E-8CCF-C9C223AC218F}.Debug|.NET.ActiveCfg = Debug|Any CPU
		{70F3229C-33C9-4A5E-8CCF-C9C223AC218F}.Debug|Any CPU.ActiveCfg = Debug|Any CPU
		{70F3229C-33C9-4A5E-8CCF-C9C223AC218F}.Debug|Any CPU.Build.0 = Debug|Any CPU
		{70F3229C-33C9-4A5E-8CCF-C9C223AC218F}.Debug|Mixed Platforms.ActiveCfg = Debug|Any CPU
		{70F3229C-33C9-4A5E-8CCF-C9C223AC218F}.Debug|x86.ActiveCfg = Debug|Any CPU
		{70F3229C-33C9-4A5E-8CCF-C9C223AC218F}.Release|.NET.ActiveCfg = Release|Any CPU
		{70F3229C-33C9-4A5E-8CCF-C9C223AC218F}.Release|Any CPU.ActiveCfg = Release|Any CPU
		{70F3229C-33C9-4A5E-8CCF-C9C223AC218F}.Release|Any CPU.Build.0 = Release|Any CPU
		{70F3229C-33C9-4A5E-8CCF-C9C223AC218F}.Release|Mixed Platforms.ActiveCfg = Release|Any CPU
		{70F3229C-33C9-4A5E-8CCF-C9C223AC218F}.Release|Mixed Platforms.Build.0 = Release|Any CPU
		{70F3229C-33C9-4A5E-8CCF-C9C223AC218F}.Release|x86.ActiveCfg = Release|Any CPU
		{3E783F57-1E18-4A68-801E-FD0AF7AC44BA}.Debug|.NET.ActiveCfg = Debug|Any CPU
		{3E783F57-1E18-4A68-801E-FD0AF7AC44BA}.Debug|Any CPU.ActiveCfg = Debug|Any CPU
		{3E783F57-1E18-4A68-801E-FD0AF7AC44BA}.Debug|Any CPU.Build.0 = Debug|Any CPU
		{3E783F57-1E18-4A68-801E-FD0AF7AC44BA}.Debug|Mixed Platforms.ActiveCfg = Debug|Any CPU
		{3E783F57-1E18-4A68-801E-FD0AF7AC44BA}.Debug|x86.ActiveCfg = Debug|Any CPU
		{3E783F57-1E18-4A68-801E-FD0AF7AC44BA}.Release|.NET.ActiveCfg = Release|Any CPU
		{3E783F57-1E18-4A68-801E-FD0AF7AC44BA}.Release|Any CPU.ActiveCfg = Release|Any CPU
		{3E783F57-1E18-4A68-801E-FD0AF7AC44BA}.Release|Any CPU.Build.0 = Release|Any CPU
		{3E783F57-1E18-4A68-801E-FD0AF7AC44BA}.Release|Mixed Platforms.ActiveCfg = Release|Any CPU
		{3E783F57-1E18-4A68-801E-FD0AF7AC44BA}.Release|Mixed Platforms.Build.0 = Release|Any CPU
		{3E783F57-1E18-4A68-801E-FD0AF7AC44BA}.Release|x86.ActiveCfg = Release|Any CPU
		{11DDCD5C-5B5F-4658-A174-8DBE255DF4D8}.Debug|.NET.ActiveCfg = Debug|Any CPU
		{11DDCD5C-5B5F-4658-A174-8DBE255DF4D8}.Debug|Any CPU.ActiveCfg = Debug|Any CPU
		{11DDCD5C-5B5F-4658-A174-8DBE255DF4D8}.Debug|Any CPU.Build.0 = Debug|Any CPU
		{11DDCD5C-5B5F-4658-A174-8DBE255DF4D8}.Debug|Mixed Platforms.ActiveCfg = Debug|Any CPU
		{11DDCD5C-5B5F-4658-A174-8DBE255DF4D8}.Debug|x86.ActiveCfg = Debug|Any CPU
		{11DDCD5C-5B5F-4658-A174-8DBE255DF4D8}.Release|.NET.ActiveCfg = Release|Any CPU
		{11DDCD5C-5B5F-4658-A174-8DBE255DF4D8}.Release|Any CPU.ActiveCfg = Release|Any CPU
		{11DDCD5C-5B5F-4658-A174-8DBE255DF4D8}.Release|Any CPU.Build.0 = Release|Any CPU
		{11DDCD5C-5B5F-4658-A174-8DBE255DF4D8}.Release|Mixed Platforms.ActiveCfg = Release|Any CPU
		{11DDCD5C-5B5F-4658-A174-8DBE255DF4D8}.Release|Mixed Platforms.Build.0 = Release|Any CPU
		{11DDCD5C-5B5F-4658-A174-8DBE255DF4D8}.Release|x86.ActiveCfg = Release|Any CPU
		{1A9A9632-151F-411F-9B65-95EF20B7230E}.Debug|.NET.ActiveCfg = Debug|Any CPU
		{1A9A9632-151F-411F-9B65-95EF20B7230E}.Debug|Any CPU.ActiveCfg = Debug|Any CPU
		{1A9A9632-151F-411F-9B65-95EF20B7230E}.Debug|Any CPU.Build.0 = Debug|Any CPU
		{1A9A9632-151F-411F-9B65-95EF20B7230E}.Debug|Mixed Platforms.ActiveCfg = Debug|Any CPU
		{1A9A9632-151F-411F-9B65-95EF20B7230E}.Debug|x86.ActiveCfg = Debug|Any CPU
		{1A9A9632-151F-411F-9B65-95EF20B7230E}.Release|.NET.ActiveCfg = Release|Any CPU
		{1A9A9632-151F-411F-9B65-95EF20B7230E}.Release|Any CPU.ActiveCfg = Release|Any CPU
		{1A9A9632-151F-411F-9B65-95EF20B7230E}.Release|Any CPU.Build.0 = Release|Any CPU
		{1A9A9632-151F-411F-9B65-95EF20B7230E}.Release|Mixed Platforms.ActiveCfg = Release|Any CPU
		{1A9A9632-151F-411F-9B65-95EF20B7230E}.Release|Mixed Platforms.Build.0 = Release|Any CPU
		{1A9A9632-151F-411F-9B65-95EF20B7230E}.Release|x86.ActiveCfg = Release|Any CPU
		{CFDA0B71-47E2-436C-82FA-4FF143933053}.Debug|.NET.ActiveCfg = Debug|Any CPU
		{CFDA0B71-47E2-436C-82FA-4FF143933053}.Debug|Any CPU.ActiveCfg = Debug|Any CPU
		{CFDA0B71-47E2-436C-82FA-4FF143933053}.Debug|Any CPU.Build.0 = Debug|Any CPU
		{CFDA0B71-47E2-436C-82FA-4FF143933053}.Debug|Mixed Platforms.ActiveCfg = Debug|Any CPU
		{CFDA0B71-47E2-436C-82FA-4FF143933053}.Debug|x86.ActiveCfg = Debug|Any CPU
		{CFDA0B71-47E2-436C-82FA-4FF143933053}.Release|.NET.ActiveCfg = Release|Any CPU
		{CFDA0B71-47E2-436C-82FA-4FF143933053}.Release|Any CPU.ActiveCfg = Release|Any CPU
		{CFDA0B71-47E2-436C-82FA-4FF143933053}.Release|Any CPU.Build.0 = Release|Any CPU
		{CFDA0B71-47E2-436C-82FA-4FF143933053}.Release|Mixed Platforms.ActiveCfg = Release|Any CPU
		{CFDA0B71-47E2-436C-82FA-4FF143933053}.Release|Mixed Platforms.Build.0 = Release|Any CPU
		{CFDA0B71-47E2-436C-82FA-4FF143933053}.Release|x86.ActiveCfg = Release|Any CPU
		{08AA7D6F-F5E6-4D18-8543-103A5A1D0FED}.Debug|.NET.ActiveCfg = Debug|Any CPU
		{08AA7D6F-F5E6-4D18-8543-103A5A1D0FED}.Debug|Any CPU.ActiveCfg = Debug|Any CPU
		{08AA7D6F-F5E6-4D18-8543-103A5A1D0FED}.Debug|Any CPU.Build.0 = Debug|Any CPU
		{08AA7D6F-F5E6-4D18-8543-103A5A1D0FED}.Debug|Mixed Platforms.ActiveCfg = Debug|Any CPU
		{08AA7D6F-F5E6-4D18-8543-103A5A1D0FED}.Debug|x86.ActiveCfg = Debug|Any CPU
		{08AA7D6F-F5E6-4D18-8543-103A5A1D0FED}.Release|.NET.ActiveCfg = Release|Any CPU
		{08AA7D6F-F5E6-4D18-8543-103A5A1D0FED}.Release|Any CPU.ActiveCfg = Release|Any CPU
		{08AA7D6F-F5E6-4D18-8543-103A5A1D0FED}.Release|Any CPU.Build.0 = Release|Any CPU
		{08AA7D6F-F5E6-4D18-8543-103A5A1D0FED}.Release|Mixed Platforms.ActiveCfg = Release|Any CPU
		{08AA7D6F-F5E6-4D18-8543-103A5A1D0FED}.Release|Mixed Platforms.Build.0 = Release|Any CPU
		{08AA7D6F-F5E6-4D18-8543-103A5A1D0FED}.Release|x86.ActiveCfg = Release|Any CPU
		{B2225F4C-646D-483D-8D23-6F209959A93C}.Debug|.NET.ActiveCfg = Debug|Any CPU
		{B2225F4C-646D-483D-8D23-6F209959A93C}.Debug|Any CPU.ActiveCfg = Debug|Any CPU
		{B2225F4C-646D-483D-8D23-6F209959A93C}.Debug|Any CPU.Build.0 = Debug|Any CPU
		{B2225F4C-646D-483D-8D23-6F209959A93C}.Debug|Mixed Platforms.ActiveCfg = Debug|Any CPU
		{B2225F4C-646D-483D-8D23-6F209959A93C}.Debug|x86.ActiveCfg = Debug|Any CPU
		{B2225F4C-646D-483D-8D23-6F209959A93C}.Release|.NET.ActiveCfg = Release|Any CPU
		{B2225F4C-646D-483D-8D23-6F209959A93C}.Release|Any CPU.ActiveCfg = Release|Any CPU
		{B2225F4C-646D-483D-8D23-6F209959A93C}.Release|Any CPU.Build.0 = Release|Any CPU
		{B2225F4C-646D-483D-8D23-6F209959A93C}.Release|Mixed Platforms.ActiveCfg = Release|Any CPU
		{B2225F4C-646D-483D-8D23-6F209959A93C}.Release|Mixed Platforms.Build.0 = Release|Any CPU
		{B2225F4C-646D-483D-8D23-6F209959A93C}.Release|x86.ActiveCfg = Release|Any CPU
		{77356EC7-801D-4826-BAFE-DE0E2E537776}.Debug|.NET.ActiveCfg = Debug|Any CPU
		{77356EC7-801D-4826-BAFE-DE0E2E537776}.Debug|Any CPU.ActiveCfg = Debug|Any CPU
		{77356EC7-801D-4826-BAFE-DE0E2E537776}.Debug|Any CPU.Build.0 = Debug|Any CPU
		{77356EC7-801D-4826-BAFE-DE0E2E537776}.Debug|Mixed Platforms.ActiveCfg = Debug|Any CPU
		{77356EC7-801D-4826-BAFE-DE0E2E537776}.Debug|Mixed Platforms.Build.0 = Debug|Any CPU
		{77356EC7-801D-4826-BAFE-DE0E2E537776}.Debug|x86.ActiveCfg = Debug|Any CPU
		{77356EC7-801D-4826-BAFE-DE0E2E537776}.Release|.NET.ActiveCfg = Release|Any CPU
		{77356EC7-801D-4826-BAFE-DE0E2E537776}.Release|Any CPU.ActiveCfg = Release|Any CPU
		{77356EC7-801D-4826-BAFE-DE0E2E537776}.Release|Any CPU.Build.0 = Release|Any CPU
		{77356EC7-801D-4826-BAFE-DE0E2E537776}.Release|Mixed Platforms.ActiveCfg = Release|Any CPU
		{77356EC7-801D-4826-BAFE-DE0E2E537776}.Release|Mixed Platforms.Build.0 = Release|Any CPU
		{77356EC7-801D-4826-BAFE-DE0E2E537776}.Release|x86.ActiveCfg = Release|Any CPU
		{66C2AF78-ED4F-45E6-9670-661BD25321B0}.Debug|.NET.ActiveCfg = Debug|Any CPU
		{66C2AF78-ED4F-45E6-9670-661BD25321B0}.Debug|Any CPU.ActiveCfg = Debug|Any CPU
		{66C2AF78-ED4F-45E6-9670-661BD25321B0}.Debug|Any CPU.Build.0 = Debug|Any CPU
		{66C2AF78-ED4F-45E6-9670-661BD25321B0}.Debug|Mixed Platforms.ActiveCfg = Debug|Any CPU
		{66C2AF78-ED4F-45E6-9670-661BD25321B0}.Debug|Mixed Platforms.Build.0 = Debug|Any CPU
		{66C2AF78-ED4F-45E6-9670-661BD25321B0}.Debug|x86.ActiveCfg = Debug|Any CPU
		{66C2AF78-ED4F-45E6-9670-661BD25321B0}.Release|.NET.ActiveCfg = Debug|Any CPU
		{66C2AF78-ED4F-45E6-9670-661BD25321B0}.Release|Any CPU.ActiveCfg = Debug|Any CPU
		{66C2AF78-ED4F-45E6-9670-661BD25321B0}.Release|Any CPU.Build.0 = Debug|Any CPU
		{66C2AF78-ED4F-45E6-9670-661BD25321B0}.Release|Mixed Platforms.ActiveCfg = Debug|Any CPU
		{66C2AF78-ED4F-45E6-9670-661BD25321B0}.Release|Mixed Platforms.Build.0 = Debug|Any CPU
		{66C2AF78-ED4F-45E6-9670-661BD25321B0}.Release|x86.ActiveCfg = Debug|Any CPU
		{71ADB301-FD30-46D8-BE51-6B4EB7F954AF}.Debug|.NET.ActiveCfg = Debug|x86
		{71ADB301-FD30-46D8-BE51-6B4EB7F954AF}.Debug|Any CPU.ActiveCfg = Debug|x86
		{71ADB301-FD30-46D8-BE51-6B4EB7F954AF}.Debug|Mixed Platforms.ActiveCfg = Debug|x86
		{71ADB301-FD30-46D8-BE51-6B4EB7F954AF}.Debug|Mixed Platforms.Build.0 = Debug|x86
		{71ADB301-FD30-46D8-BE51-6B4EB7F954AF}.Debug|x86.ActiveCfg = Debug|x86
		{71ADB301-FD30-46D8-BE51-6B4EB7F954AF}.Debug|x86.Build.0 = Debug|x86
		{71ADB301-FD30-46D8-BE51-6B4EB7F954AF}.Release|.NET.ActiveCfg = Release|x86
		{71ADB301-FD30-46D8-BE51-6B4EB7F954AF}.Release|Any CPU.ActiveCfg = Release|x86
		{71ADB301-FD30-46D8-BE51-6B4EB7F954AF}.Release|Mixed Platforms.ActiveCfg = Release|x86
		{71ADB301-FD30-46D8-BE51-6B4EB7F954AF}.Release|Mixed Platforms.Build.0 = Release|x86
		{71ADB301-FD30-46D8-BE51-6B4EB7F954AF}.Release|x86.ActiveCfg = Release|x86
		{71ADB301-FD30-46D8-BE51-6B4EB7F954AF}.Release|x86.Build.0 = Release|x86
		{B0727887-9CE8-469F-B5C3-4A250B38A2A5}.Debug|.NET.ActiveCfg = Debug|Any CPU
		{B0727887-9CE8-469F-B5C3-4A250B38A2A5}.Debug|Any CPU.ActiveCfg = Debug|Any CPU
		{B0727887-9CE8-469F-B5C3-4A250B38A2A5}.Debug|Any CPU.Build.0 = Debug|Any CPU
		{B0727887-9CE8-469F-B5C3-4A250B38A2A5}.Debug|Mixed Platforms.ActiveCfg = Debug|Any CPU
		{B0727887-9CE8-469F-B5C3-4A250B38A2A5}.Debug|Mixed Platforms.Build.0 = Debug|Any CPU
		{B0727887-9CE8-469F-B5C3-4A250B38A2A5}.Debug|x86.ActiveCfg = Debug|Any CPU
		{B0727887-9CE8-469F-B5C3-4A250B38A2A5}.Release|.NET.ActiveCfg = Release|Any CPU
		{B0727887-9CE8-469F-B5C3-4A250B38A2A5}.Release|Any CPU.ActiveCfg = Release|Any CPU
		{B0727887-9CE8-469F-B5C3-4A250B38A2A5}.Release|Any CPU.Build.0 = Release|Any CPU
		{B0727887-9CE8-469F-B5C3-4A250B38A2A5}.Release|Mixed Platforms.ActiveCfg = Release|Any CPU
		{B0727887-9CE8-469F-B5C3-4A250B38A2A5}.Release|Mixed Platforms.Build.0 = Release|Any CPU
		{B0727887-9CE8-469F-B5C3-4A250B38A2A5}.Release|x86.ActiveCfg = Release|Any CPU
		{4010BCEC-4EEA-4C77-9184-72B1AF975F9D}.Debug|.NET.ActiveCfg = Debug|Any CPU
		{4010BCEC-4EEA-4C77-9184-72B1AF975F9D}.Debug|Any CPU.ActiveCfg = Debug|Any CPU
		{4010BCEC-4EEA-4C77-9184-72B1AF975F9D}.Debug|Any CPU.Build.0 = Debug|Any CPU
		{4010BCEC-4EEA-4C77-9184-72B1AF975F9D}.Debug|Mixed Platforms.ActiveCfg = Debug|Any CPU
		{4010BCEC-4EEA-4C77-9184-72B1AF975F9D}.Debug|Mixed Platforms.Build.0 = Debug|Any CPU
		{4010BCEC-4EEA-4C77-9184-72B1AF975F9D}.Debug|x86.ActiveCfg = Debug|Any CPU
		{4010BCEC-4EEA-4C77-9184-72B1AF975F9D}.Release|.NET.ActiveCfg = Release|Any CPU
		{4010BCEC-4EEA-4C77-9184-72B1AF975F9D}.Release|Any CPU.ActiveCfg = Release|Any CPU
		{4010BCEC-4EEA-4C77-9184-72B1AF975F9D}.Release|Any CPU.Build.0 = Release|Any CPU
		{4010BCEC-4EEA-4C77-9184-72B1AF975F9D}.Release|Mixed Platforms.ActiveCfg = Release|Any CPU
		{4010BCEC-4EEA-4C77-9184-72B1AF975F9D}.Release|Mixed Platforms.Build.0 = Release|Any CPU
		{4010BCEC-4EEA-4C77-9184-72B1AF975F9D}.Release|x86.ActiveCfg = Release|Any CPU
		{53FCE8E4-268C-4020-AD94-11196A5A0BFA}.Debug|.NET.ActiveCfg = Debug|Any CPU
		{53FCE8E4-268C-4020-AD94-11196A5A0BFA}.Debug|Any CPU.ActiveCfg = Debug|Any CPU
		{53FCE8E4-268C-4020-AD94-11196A5A0BFA}.Debug|Any CPU.Build.0 = Debug|Any CPU
		{53FCE8E4-268C-4020-AD94-11196A5A0BFA}.Debug|Mixed Platforms.ActiveCfg = Debug|Any CPU
		{53FCE8E4-268C-4020-AD94-11196A5A0BFA}.Debug|Mixed Platforms.Build.0 = Debug|Any CPU
		{53FCE8E4-268C-4020-AD94-11196A5A0BFA}.Debug|x86.ActiveCfg = Debug|Any CPU
		{53FCE8E4-268C-4020-AD94-11196A5A0BFA}.Release|.NET.ActiveCfg = Release|Any CPU
		{53FCE8E4-268C-4020-AD94-11196A5A0BFA}.Release|Any CPU.ActiveCfg = Release|Any CPU
		{53FCE8E4-268C-4020-AD94-11196A5A0BFA}.Release|Any CPU.Build.0 = Release|Any CPU
		{53FCE8E4-268C-4020-AD94-11196A5A0BFA}.Release|Mixed Platforms.ActiveCfg = Release|Any CPU
		{53FCE8E4-268C-4020-AD94-11196A5A0BFA}.Release|Mixed Platforms.Build.0 = Release|Any CPU
		{53FCE8E4-268C-4020-AD94-11196A5A0BFA}.Release|x86.ActiveCfg = Release|Any CPU
		{97596755-3E00-4FA6-B08D-2326E202CA5F}.Debug|.NET.ActiveCfg = Debug|Any CPU
		{97596755-3E00-4FA6-B08D-2326E202CA5F}.Debug|Any CPU.ActiveCfg = Debug|Any CPU
		{97596755-3E00-4FA6-B08D-2326E202CA5F}.Debug|Any CPU.Build.0 = Debug|Any CPU
		{97596755-3E00-4FA6-B08D-2326E202CA5F}.Debug|Mixed Platforms.ActiveCfg = Debug|Any CPU
		{97596755-3E00-4FA6-B08D-2326E202CA5F}.Debug|Mixed Platforms.Build.0 = Debug|Any CPU
		{97596755-3E00-4FA6-B08D-2326E202CA5F}.Debug|x86.ActiveCfg = Debug|Any CPU
		{97596755-3E00-4FA6-B08D-2326E202CA5F}.Release|.NET.ActiveCfg = Release|Any CPU
		{97596755-3E00-4FA6-B08D-2326E202CA5F}.Release|Any CPU.ActiveCfg = Release|Any CPU
		{97596755-3E00-4FA6-B08D-2326E202CA5F}.Release|Any CPU.Build.0 = Release|Any CPU
		{97596755-3E00-4FA6-B08D-2326E202CA5F}.Release|Mixed Platforms.ActiveCfg = Release|Any CPU
		{97596755-3E00-4FA6-B08D-2326E202CA5F}.Release|Mixed Platforms.Build.0 = Release|Any CPU
		{97596755-3E00-4FA6-B08D-2326E202CA5F}.Release|x86.ActiveCfg = Release|Any CPU
		{D8086D1F-A1DB-45DF-BE1F-867158226FAC}.Debug|.NET.ActiveCfg = Debug|Any CPU
		{D8086D1F-A1DB-45DF-BE1F-867158226FAC}.Debug|Any CPU.ActiveCfg = Debug|Any CPU
		{D8086D1F-A1DB-45DF-BE1F-867158226FAC}.Debug|Any CPU.Build.0 = Debug|Any CPU
		{D8086D1F-A1DB-45DF-BE1F-867158226FAC}.Debug|Mixed Platforms.ActiveCfg = Debug|Any CPU
		{D8086D1F-A1DB-45DF-BE1F-867158226FAC}.Debug|Mixed Platforms.Build.0 = Debug|Any CPU
		{D8086D1F-A1DB-45DF-BE1F-867158226FAC}.Debug|x86.ActiveCfg = Debug|Any CPU
		{D8086D1F-A1DB-45DF-BE1F-867158226FAC}.Release|.NET.ActiveCfg = Debug|Any CPU
		{D8086D1F-A1DB-45DF-BE1F-867158226FAC}.Release|Any CPU.ActiveCfg = Debug|Any CPU
		{D8086D1F-A1DB-45DF-BE1F-867158226FAC}.Release|Any CPU.Build.0 = Debug|Any CPU
		{D8086D1F-A1DB-45DF-BE1F-867158226FAC}.Release|Mixed Platforms.ActiveCfg = Debug|Any CPU
		{D8086D1F-A1DB-45DF-BE1F-867158226FAC}.Release|Mixed Platforms.Build.0 = Debug|Any CPU
		{D8086D1F-A1DB-45DF-BE1F-867158226FAC}.Release|x86.ActiveCfg = Debug|Any CPU
	EndGlobalSection
	GlobalSection(SolutionProperties) = preSolution
		HideSolutionNode = FALSE
	EndGlobalSection
EndGlobal
